// !$*UTF8*$!
{
	archiveVersion = 1;
	classes = {
	};
	objectVersion = 46;
	objects = {

/* Begin PBXBuildFile section */
		324879391CE62921000A11D8 /* OpenGL.framework in Frameworks */ = {isa = PBXBuildFile; fileRef = 324879381CE62921000A11D8 /* OpenGL.framework */; };
		3248793B1CE62926000A11D8 /* GLUT.framework in Frameworks */ = {isa = PBXBuildFile; fileRef = 3248793A1CE62926000A11D8 /* GLUT.framework */; };
		3248794A1CE62957000A11D8 /* Vertex.cpp in Sources */ = {isa = PBXBuildFile; fileRef = 3248793D1CE62957000A11D8 /* Vertex.cpp */; };
		3248794B1CE62957000A11D8 /* MeshIO.cpp in Sources */ = {isa = PBXBuildFile; fileRef = 324879401CE62957000A11D8 /* MeshIO.cpp */; };
		3248794C1CE62957000A11D8 /* Mesh.cpp in Sources */ = {isa = PBXBuildFile; fileRef = 324879421CE62957000A11D8 /* Mesh.cpp */; };
		3248794D1CE62957000A11D8 /* main.cpp in Sources */ = {isa = PBXBuildFile; fileRef = 324879431CE62957000A11D8 /* main.cpp */; };
		3248794E1CE62957000A11D8 /* HalfEdge.cpp in Sources */ = {isa = PBXBuildFile; fileRef = 324879451CE62957000A11D8 /* HalfEdge.cpp */; };
		3248794F1CE62957000A11D8 /* Face.cpp in Sources */ = {isa = PBXBuildFile; fileRef = 324879471CE62957000A11D8 /* Face.cpp */; };
		324879501CE62957000A11D8 /* Edge.cpp in Sources */ = {isa = PBXBuildFile; fileRef = 324879491CE62957000A11D8 /* Edge.cpp */; };
/* End PBXBuildFile section */

/* Begin PBXCopyFilesBuildPhase section */
		3248792C1CE6285E000A11D8 /* CopyFiles */ = {
			isa = PBXCopyFilesBuildPhase;
			buildActionMask = 2147483647;
			dstPath = /usr/share/man/man1/;
			dstSubfolderSpec = 0;
			files = (
			);
			runOnlyForDeploymentPostprocessing = 1;
		};
/* End PBXCopyFilesBuildPhase section */

/* Begin PBXFileReference section */
		3248792E1CE6285E000A11D8 /* wave */ = {isa = PBXFileReference; explicitFileType = "compiled.mach-o.executable"; includeInIndex = 0; path = wave; sourceTree = BUILT_PRODUCTS_DIR; };
		324879381CE62921000A11D8 /* OpenGL.framework */ = {isa = PBXFileReference; lastKnownFileType = wrapper.framework; name = OpenGL.framework; path = System/Library/Frameworks/OpenGL.framework; sourceTree = SDKROOT; };
		3248793A1CE62926000A11D8 /* GLUT.framework */ = {isa = PBXFileReference; lastKnownFileType = wrapper.framework; name = GLUT.framework; path = System/Library/Frameworks/GLUT.framework; sourceTree = SDKROOT; };
		3248793C1CE62957000A11D8 /* Vertex.h */ = {isa = PBXFileReference; fileEncoding = 4; lastKnownFileType = sourcecode.c.h; path = Vertex.h; sourceTree = "<group>"; };
		3248793D1CE62957000A11D8 /* Vertex.cpp */ = {isa = PBXFileReference; fileEncoding = 4; lastKnownFileType = sourcecode.cpp.cpp; path = Vertex.cpp; sourceTree = "<group>"; };
		3248793E1CE62957000A11D8 /* Types.h */ = {isa = PBXFileReference; fileEncoding = 4; lastKnownFileType = sourcecode.c.h; path = Types.h; sourceTree = "<group>"; };
		3248793F1CE62957000A11D8 /* MeshIO.h */ = {isa = PBXFileReference; fileEncoding = 4; lastKnownFileType = sourcecode.c.h; path = MeshIO.h; sourceTree = "<group>"; };
		324879401CE62957000A11D8 /* MeshIO.cpp */ = {isa = PBXFileReference; fileEncoding = 4; lastKnownFileType = sourcecode.cpp.cpp; path = MeshIO.cpp; sourceTree = "<group>"; };
		324879411CE62957000A11D8 /* Mesh.h */ = {isa = PBXFileReference; fileEncoding = 4; lastKnownFileType = sourcecode.c.h; path = Mesh.h; sourceTree = "<group>"; };
		324879421CE62957000A11D8 /* Mesh.cpp */ = {isa = PBXFileReference; fileEncoding = 4; lastKnownFileType = sourcecode.cpp.cpp; path = Mesh.cpp; sourceTree = "<group>"; };
		324879431CE62957000A11D8 /* main.cpp */ = {isa = PBXFileReference; fileEncoding = 4; lastKnownFileType = sourcecode.cpp.cpp; path = main.cpp; sourceTree = "<group>"; };
		324879441CE62957000A11D8 /* HalfEdge.h */ = {isa = PBXFileReference; fileEncoding = 4; lastKnownFileType = sourcecode.c.h; path = HalfEdge.h; sourceTree = "<group>"; };
		324879451CE62957000A11D8 /* HalfEdge.cpp */ = {isa = PBXFileReference; fileEncoding = 4; lastKnownFileType = sourcecode.cpp.cpp; path = HalfEdge.cpp; sourceTree = "<group>"; };
		324879461CE62957000A11D8 /* Face.h */ = {isa = PBXFileReference; fileEncoding = 4; lastKnownFileType = sourcecode.c.h; path = Face.h; sourceTree = "<group>"; };
		324879471CE62957000A11D8 /* Face.cpp */ = {isa = PBXFileReference; fileEncoding = 4; lastKnownFileType = sourcecode.cpp.cpp; path = Face.cpp; sourceTree = "<group>"; };
		324879481CE62957000A11D8 /* Edge.h */ = {isa = PBXFileReference; fileEncoding = 4; lastKnownFileType = sourcecode.c.h; path = Edge.h; sourceTree = "<group>"; };
		324879491CE62957000A11D8 /* Edge.cpp */ = {isa = PBXFileReference; fileEncoding = 4; lastKnownFileType = sourcecode.cpp.cpp; path = Edge.cpp; sourceTree = "<group>"; };
/* End PBXFileReference section */

/* Begin PBXFrameworksBuildPhase section */
		3248792B1CE6285E000A11D8 /* Frameworks */ = {
			isa = PBXFrameworksBuildPhase;
			buildActionMask = 2147483647;
			files = (
				3248793B1CE62926000A11D8 /* GLUT.framework in Frameworks */,
				324879391CE62921000A11D8 /* OpenGL.framework in Frameworks */,
			);
			runOnlyForDeploymentPostprocessing = 0;
		};
/* End PBXFrameworksBuildPhase section */

/* Begin PBXGroup section */
		324879251CE6285E000A11D8 = {
			isa = PBXGroup;
			children = (
				3248793A1CE62926000A11D8 /* GLUT.framework */,
				324879381CE62921000A11D8 /* OpenGL.framework */,
				3248792F1CE6285E000A11D8 /* Products */,
				324879431CE62957000A11D8 /* main.cpp */,
				3248793C1CE62957000A11D8 /* Vertex.h */,
				3248793D1CE62957000A11D8 /* Vertex.cpp */,
				324879481CE62957000A11D8 /* Edge.h */,
				324879491CE62957000A11D8 /* Edge.cpp */,
				324879461CE62957000A11D8 /* Face.h */,
				324879471CE62957000A11D8 /* Face.cpp */,
				324879441CE62957000A11D8 /* HalfEdge.h */,
				324879451CE62957000A11D8 /* HalfEdge.cpp */,
				3248793F1CE62957000A11D8 /* MeshIO.h */,
				324879401CE62957000A11D8 /* MeshIO.cpp */,
				324879411CE62957000A11D8 /* Mesh.h */,
				324879421CE62957000A11D8 /* Mesh.cpp */,
				3248793E1CE62957000A11D8 /* Types.h */,
			);
			sourceTree = "<group>";
		};
		3248792F1CE6285E000A11D8 /* Products */ = {
			isa = PBXGroup;
			children = (
				3248792E1CE6285E000A11D8 /* wave */,
			);
			name = Products;
			sourceTree = "<group>";
		};
/* End PBXGroup section */

/* Begin PBXNativeTarget section */
		3248792D1CE6285E000A11D8 /* wave */ = {
			isa = PBXNativeTarget;
			buildConfigurationList = 324879351CE6285E000A11D8 /* Build configuration list for PBXNativeTarget "wave" */;
			buildPhases = (
				3248792A1CE6285E000A11D8 /* Sources */,
				3248792B1CE6285E000A11D8 /* Frameworks */,
				3248792C1CE6285E000A11D8 /* CopyFiles */,
			);
			buildRules = (
			);
			dependencies = (
			);
			name = wave;
			productName = wave;
			productReference = 3248792E1CE6285E000A11D8 /* wave */;
			productType = "com.apple.product-type.tool";
		};
/* End PBXNativeTarget section */

/* Begin PBXProject section */
		324879261CE6285E000A11D8 /* Project object */ = {
			isa = PBXProject;
			attributes = {
				LastUpgradeCheck = 0730;
				ORGANIZATIONNAME = "Rohan Sawhney";
				TargetAttributes = {
					3248792D1CE6285E000A11D8 = {
						CreatedOnToolsVersion = 7.3;
					};
				};
			};
			buildConfigurationList = 324879291CE6285E000A11D8 /* Build configuration list for PBXProject "wave" */;
			compatibilityVersion = "Xcode 3.2";
			developmentRegion = English;
			hasScannedForEncodings = 0;
			knownRegions = (
				en,
			);
			mainGroup = 324879251CE6285E000A11D8;
			productRefGroup = 3248792F1CE6285E000A11D8 /* Products */;
			projectDirPath = "";
			projectRoot = "";
			targets = (
				3248792D1CE6285E000A11D8 /* wave */,
			);
		};
/* End PBXProject section */

/* Begin PBXSourcesBuildPhase section */
		3248792A1CE6285E000A11D8 /* Sources */ = {
			isa = PBXSourcesBuildPhase;
			buildActionMask = 2147483647;
			files = (
				3248794F1CE62957000A11D8 /* Face.cpp in Sources */,
				3248794C1CE62957000A11D8 /* Mesh.cpp in Sources */,
				3248794E1CE62957000A11D8 /* HalfEdge.cpp in Sources */,
				3248794B1CE62957000A11D8 /* MeshIO.cpp in Sources */,
				3248794D1CE62957000A11D8 /* main.cpp in Sources */,
				324879501CE62957000A11D8 /* Edge.cpp in Sources */,
				3248794A1CE62957000A11D8 /* Vertex.cpp in Sources */,
			);
			runOnlyForDeploymentPostprocessing = 0;
		};
/* End PBXSourcesBuildPhase section */

/* Begin XCBuildConfiguration section */
		324879331CE6285E000A11D8 /* Debug */ = {
			isa = XCBuildConfiguration;
			buildSettings = {
				ALWAYS_SEARCH_USER_PATHS = NO;
				CLANG_ANALYZER_NONNULL = YES;
				CLANG_CXX_LANGUAGE_STANDARD = "gnu++0x";
				CLANG_CXX_LIBRARY = "libc++";
				CLANG_ENABLE_MODULES = YES;
				CLANG_ENABLE_OBJC_ARC = YES;
				CLANG_WARN_BOOL_CONVERSION = YES;
				CLANG_WARN_CONSTANT_CONVERSION = YES;
				CLANG_WARN_DIRECT_OBJC_ISA_USAGE = YES_ERROR;
				CLANG_WARN_EMPTY_BODY = YES;
				CLANG_WARN_ENUM_CONVERSION = YES;
				CLANG_WARN_INT_CONVERSION = YES;
				CLANG_WARN_OBJC_ROOT_CLASS = YES_ERROR;
				CLANG_WARN_UNREACHABLE_CODE = YES;
				CLANG_WARN__DUPLICATE_METHOD_MATCH = YES;
				CODE_SIGN_IDENTITY = "-";
				COPY_PHASE_STRIP = NO;
				DEBUG_INFORMATION_FORMAT = dwarf;
				ENABLE_STRICT_OBJC_MSGSEND = YES;
				ENABLE_TESTABILITY = YES;
				GCC_C_LANGUAGE_STANDARD = gnu99;
				GCC_DYNAMIC_NO_PIC = NO;
				GCC_NO_COMMON_BLOCKS = YES;
				GCC_OPTIMIZATION_LEVEL = 0;
				GCC_PREPROCESSOR_DEFINITIONS = (
					"DEBUG=1",
					"$(inherited)",
				);
				GCC_WARN_64_TO_32_BIT_CONVERSION = YES;
				GCC_WARN_ABOUT_RETURN_TYPE = YES_ERROR;
				GCC_WARN_UNDECLARED_SELECTOR = YES;
				GCC_WARN_UNINITIALIZED_AUTOS = YES_AGGRESSIVE;
				GCC_WARN_UNUSED_FUNCTION = YES;
				GCC_WARN_UNUSED_VARIABLE = YES;
				MACOSX_DEPLOYMENT_TARGET = 10.11;
				MTL_ENABLE_DEBUG_INFO = YES;
				ONLY_ACTIVE_ARCH = YES;
				SDKROOT = macosx;
			};
			name = Debug;
		};
		324879341CE6285E000A11D8 /* Release */ = {
			isa = XCBuildConfiguration;
			buildSettings = {
				ALWAYS_SEARCH_USER_PATHS = NO;
				CLANG_ANALYZER_NONNULL = YES;
				CLANG_CXX_LANGUAGE_STANDARD = "gnu++0x";
				CLANG_CXX_LIBRARY = "libc++";
				CLANG_ENABLE_MODULES = YES;
				CLANG_ENABLE_OBJC_ARC = YES;
				CLANG_WARN_BOOL_CONVERSION = YES;
				CLANG_WARN_CONSTANT_CONVERSION = YES;
				CLANG_WARN_DIRECT_OBJC_ISA_USAGE = YES_ERROR;
				CLANG_WARN_EMPTY_BODY = YES;
				CLANG_WARN_ENUM_CONVERSION = YES;
				CLANG_WARN_INT_CONVERSION = YES;
				CLANG_WARN_OBJC_ROOT_CLASS = YES_ERROR;
				CLANG_WARN_UNREACHABLE_CODE = YES;
				CLANG_WARN__DUPLICATE_METHOD_MATCH = YES;
				CODE_SIGN_IDENTITY = "-";
				COPY_PHASE_STRIP = NO;
				DEBUG_INFORMATION_FORMAT = "dwarf-with-dsym";
				ENABLE_NS_ASSERTIONS = NO;
				ENABLE_STRICT_OBJC_MSGSEND = YES;
				GCC_C_LANGUAGE_STANDARD = gnu99;
				GCC_NO_COMMON_BLOCKS = YES;
				GCC_WARN_64_TO_32_BIT_CONVERSION = YES;
				GCC_WARN_ABOUT_RETURN_TYPE = YES_ERROR;
				GCC_WARN_UNDECLARED_SELECTOR = YES;
				GCC_WARN_UNINITIALIZED_AUTOS = YES_AGGRESSIVE;
				GCC_WARN_UNUSED_FUNCTION = YES;
				GCC_WARN_UNUSED_VARIABLE = YES;
				MACOSX_DEPLOYMENT_TARGET = 10.11;
				MTL_ENABLE_DEBUG_INFO = NO;
				SDKROOT = macosx;
			};
			name = Release;
		};
		324879361CE6285E000A11D8 /* Debug */ = {
			isa = XCBuildConfiguration;
			buildSettings = {
				HEADER_SEARCH_PATHS = /usr/local/Cellar/eigen/3.2.4/include/eigen3;
				PRODUCT_NAME = "$(TARGET_NAME)";
			};
			name = Debug;
		};
		324879371CE6285E000A11D8 /* Release */ = {
			isa = XCBuildConfiguration;
			buildSettings = {
				HEADER_SEARCH_PATHS = /usr/local/Cellar/eigen/3.2.4/include/eigen3;
				PRODUCT_NAME = "$(TARGET_NAME)";
			};
			name = Release;
		};
/* End XCBuildConfiguration section */

/* Begin XCConfigurationList section */
		324879291CE6285E000A11D8 /* Build configuration list for PBXProject "wave" */ = {
			isa = XCConfigurationList;
			buildConfigurations = (
				324879331CE6285E000A11D8 /* Debug */,
				324879341CE6285E000A11D8 /* Release */,
			);
			defaultConfigurationIsVisible = 0;
			defaultConfigurationName = Release;
		};
		324879351CE6285E000A11D8 /* Build configuration list for PBXNativeTarget "wave" */ = {
			isa = XCConfigurationList;
			buildConfigurations = (
				324879361CE6285E000A11D8 /* Debug */,
				324879371CE6285E000A11D8 /* Release */,
			);
			defaultConfigurationIsVisible = 0;
			defaultConfigurationName = Release;
		};
/* End XCConfigurationList section */
	};
	rootObject = 324879261CE6285E000A11D8 /* Project object */;
}
